
Microsoft Visual Studio Solution File, Format Version 12.00
# Visual Studio Version 16
VisualStudioVersion = 16.0.30330.147
MinimumVisualStudioVersion = 10.0.40219.1
Project("{FAE04EC0-301F-11D3-BF4B-00C04F79EFBC}") = "MapTile", "MapTileTest\MapTile.csproj", "{8F77A54D-AE53-4CA6-93C6-F22CC6D4C8D3}"
EndProject
Project("{9A19103F-16F7-4668-BE54-9A1E7A4F7556}") = "STDLib", "..\NET_Library\STDLib\STDLib.csproj", "{8614FEA6-95D4-4E8E-8B35-80A80F39178F}"
EndProject
Project("{FAE04EC0-301F-11D3-BF4B-00C04F79EFBC}") = "FRMLib", "..\NET_Library\FRMLib\FRMLib.csproj", "{6062FC18-1C98-4F9A-BE4C-44171CBCB55E}"
EndProject
Global
	GlobalSection(SolutionConfigurationPlatforms) = preSolution
		Debug|Any CPU = Debug|Any CPU
		Release|Any CPU = Release|Any CPU
	EndGlobalSection
	GlobalSection(ProjectConfigurationPlatforms) = postSolution
		{8F77A54D-AE53-4CA6-93C6-F22CC6D4C8D3}.Debug|Any CPU.ActiveCfg = Debug|Any CPU
		{8F77A54D-AE53-4CA6-93C6-F22CC6D4C8D3}.Debug|Any CPU.Build.0 = Debug|Any CPU
		{8F77A54D-AE53-4CA6-93C6-F22CC6D4C8D3}.Release|Any CPU.ActiveCfg = Release|Any CPU
		{8F77A54D-AE53-4CA6-93C6-F22CC6D4C8D3}.Release|Any CPU.Build.0 = Release|Any CPU
		{8614FEA6-95D4-4E8E-8B35-80A80F39178F}.Debug|Any CPU.ActiveCfg = Debug|Any CPU
		{8614FEA6-95D4-4E8E-8B35-80A80F39178F}.Debug|Any CPU.Build.0 = Debug|Any CPU
		{8614FEA6-95D4-4E8E-8B35-80A80F39178F}.Release|Any CPU.ActiveCfg = Release|Any CPU
		{8614FEA6-95D4-4E8E-8B35-80A80F39178F}.Release|Any CPU.Build.0 = Release|Any CPU
		{6062FC18-1C98-4F9A-BE4C-44171CBCB55E}.Debug|Any CPU.ActiveCfg = Debug|Any CPU
		{6062FC18-1C98-4F9A-BE4C-44171CBCB55E}.Debug|Any CPU.Build.0 = Debug|Any CPU
		{6062FC18-1C98-4F9A-BE4C-44171CBCB55E}.Release|Any CPU.ActiveCfg = Release|Any CPU
		{6062FC18-1C98-4F9A-BE4C-44171CBCB55E}.Release|Any CPU.Build.0 = Release|Any CPU
	EndGlobalSection
	GlobalSection(SolutionProperties) = preSolution
		HideSolutionNode = FALSE
	EndGlobalSection
	GlobalSection(ExtensibilityGlobals) = postSolution
		SolutionGuid = {BE907CED-B35D-497F-8C5A-5554D2B4E5B4}
	EndGlobalSection
EndGlobal
